{"1.1.0",
[{<<"cowboy">>,{pkg,<<"cowboy">>,<<"2.2.0">>},0},
 {<<"cowlib">>,{pkg,<<"cowlib">>,<<"2.1.0">>},1},
 {<<"goldrush">>,{pkg,<<"goldrush">>,<<"0.1.9">>},1},
 {<<"lager">>,{pkg,<<"lager">>,<<"3.5.2">>},0},
 {<<"ranch">>,{pkg,<<"ranch">>,<<"1.4.0">>},1}]}.
[
{pkg_hash,[
 {<<"cowboy">>, <<"5233ED78AFE96B19EFD33B7BBCAFD15E064B187C0C131C61D50FE69D88DC76FD">>},
 {<<"cowlib">>, <<"F73658B93DD043AF40400C3E4FD997068EBD0C617F8C8F4CD003A1A78EBF94F5">>},
 {<<"goldrush">>, <<"F06E5D5F1277DA5C413E84D5A2924174182FB108DABB39D5EC548B27424CD106">>},
 {<<"lager">>, <<"614A8C8F67BF99B69EB264EA22121AD25511C055AAEC09B086773D5108C6767F">>},
 {<<"ranch">>, <<"10272F95DA79340FA7E8774BA7930B901713D272905D0012B06CA6D994F8826B">>}]}
].
